# This file is generated by running "yarn install" inside your project.
# Manual changes might be lost - proceed with caution!

__metadata:
  version: 8
  cacheKey: 10c0

"uglify-js@npm:^3.19.3":
  version: 3.19.3
  resolution: "uglify-js@npm:3.19.3"
  bin:
    uglifyjs: bin/uglifyjs
  checksum: 10c0/83b0a90eca35f778e07cad9622b80c448b6aad457c9ff8e568afed978212b42930a95f9e1be943a1ffa4258a3340fbb899f41461131c05bb1d0a9c303aed8479
  languageName: node
  linkType: hard

"website-embedding@workspace:.":
  version: 0.0.0-use.local
  resolution: "website-embedding@workspace:."
  dependencies:
    uglify-js: "npm:^3.19.3"
  languageName: unknown
  linkType: soft
